<?xml version="1.0" encoding="utf-8"?>
<Project ToolsVersion="4.0" xmlns="http://schemas.microsoft.com/developer/msbuild/2003">
  <ItemGroup>
    <Filter Include="src">
      <UniqueIdentifier>{a3b8ab91-3d09-4a81-944c-7ac84ee07073}</UniqueIdentifier>
    </Filter>
    <Filter Include="src\c_container">
      <UniqueIdentifier>{074a07f1-33f2-42c1-9705-4903a8095900}</UniqueIdentifier>
    </Filter>
    <Filter Include="src\c_container\code">
      <UniqueIdentifier>{508abbbb-4ead-4f01-bca2-aad67bb0db49}</UniqueIdentifier>
    </Filter>
  </ItemGroup>
  <ItemGroup>
    <ClCompile Include="main.cpp">
      <Filter>src</Filter>
    </ClCompile>
    <ClCompile Include="c_container\cc_container.c">
      <Filter>src\c_container</Filter>
    </ClCompile>
    <ClCompile Include="c_container\cc_item.c">
      <Filter>src\c_container</Filter>
    </ClCompile>
    <ClCompile Include="c_container\cc_code_template.c">
      <Filter>src\c_container\code</Filter>
    </ClCompile>
    <ClCompile Include="c_container\cc_compare.c">
      <Filter>src\c_container</Filter>
    </ClCompile>
    <ClCompile Include="c_container\cc_element.c">
      <Filter>src\c_container</Filter>
    </ClCompile>
    <ClCompile Include="c_container\cc_pair.c">
      <Filter>src\c_container</Filter>
    </ClCompile>
    <ClCompile Include="c_container\cc_simple_segregated_storage.c">
      <Filter>src\c_container</Filter>
    </ClCompile>
    <ClCompile Include="c_container\cc_assert.c">
      <Filter>src\c_container\code</Filter>
    </ClCompile>
  </ItemGroup>
  <ItemGroup>
    <ClInclude Include="c_container\cc_container.h">
      <Filter>src\c_container</Filter>
    </ClInclude>
    <ClInclude Include="c_container\cc_item.h">
      <Filter>src\c_container</Filter>
    </ClInclude>
    <ClInclude Include="c_container\cc_code_template.h">
      <Filter>src\c_container\code</Filter>
    </ClInclude>
    <ClInclude Include="c_container\cc_export.h">
      <Filter>src\c_container\code</Filter>
    </ClInclude>
    <ClInclude Include="c_container\cc_import.h">
      <Filter>src\c_container\code</Filter>
    </ClInclude>
    <ClInclude Include="c_container\cc_compare.h">
      <Filter>src\c_container</Filter>
    </ClInclude>
    <ClInclude Include="c_container\cc_pair.h">
      <Filter>src\c_container</Filter>
    </ClInclude>
    <ClInclude Include="c_container\cc_element.h">
      <Filter>src\c_container</Filter>
    </ClInclude>
    <ClInclude Include="c_container\cc_simple_segregated_storage.h">
      <Filter>src\c_container</Filter>
    </ClInclude>
    <ClInclude Include="c_container\cc_assert.h">
      <Filter>src\c_container\code</Filter>
    </ClInclude>
    <ClInclude Include="c_container\cc_config.h">
      <Filter>src\c_container\code</Filter>
    </ClInclude>
    <ClInclude Include="c_container\cc_define.h">
      <Filter>src\c_container\code</Filter>
    </ClInclude>
    <ClInclude Include="c_container\cc_type.h">
      <Filter>src\c_container\code</Filter>
    </ClInclude>
    <ClInclude Include="c_container\cc.h">
      <Filter>src\c_container\code</Filter>
    </ClInclude>
  </ItemGroup>
</Project>